{
  "name": "7819efec56c4c663",
  "lockfileVersion": 3,
  "requires": true,
  "packages": {
    "": {
      "dependencies": {
        "react-native-clean-project": "^4.0.3"
      }
    },
    "node_modules/react-native-clean-project": {
      "version": "4.0.3",
      "resolved": "https://registry.npmjs.org/react-native-clean-project/-/react-native-clean-project-4.0.3.tgz",
      "integrity": "sha512-tWNhac5R4BetY7sZSRgaWUDSMpT207nJRuUwMZInmYJR3HucMZGIIUaiDH/pbFxXSDq4GMj4P7FnHxGLDobJ8w==",
      "license": "MIT",
      "bin": {
        "react-native-clean-project": "source/index.js"
      },
      "engines": {
        "node": ">=10.0.0"
      }
    }
  }
}
