{
  "name": "c15e4b19a90d9797",
  "lockfileVersion": 3,
  "requires": true,
  "packages": {
    "": {
      "dependencies": {
        "expo-doctor": "^1.12.8"
      }
    },
    "node_modules/expo-doctor": {
      "version": "1.12.8",
      "resolved": "https://registry.npmjs.org/expo-doctor/-/expo-doctor-1.12.8.tgz",
      "integrity": "sha512-h0y00Ik8hYrQsuVeXBguda2wW3YrjdeMFq0gwDK/aR+K1qoPqytqiQTaxLWE1VhMbM9pCRdmBpOhBKaLxYG2Ng==",
      "license": "MIT",
      "bin": {
        "expo-doctor": "build/index.js"
      }
    }
  }
}
